// !$*UTF8*$!
{
	archiveVersion = 1;
	classes = {
	};
	objectVersion = 56;
	objects = {

/* Begin PBXBuildFile section */
		A80BB1E42ADBE433003F06AC /* Test_ScrollScreenshotApp.swift in Sources */ = {isa = PBXBuildFile; fileRef = A80BB1E32ADBE433003F06AC /* Test_ScrollScreenshotApp.swift */; };
		A80BB1E62ADBE433003F06AC /* ContentView.swift in Sources */ = {isa = PBXBuildFile; fileRef = A80BB1E52ADBE433003F06AC /* ContentView.swift */; };
		A80BB1E82ADBE434003F06AC /* Assets.xcassets in Resources */ = {isa = PBXBuildFile; fileRef = A80BB1E72ADBE434003F06AC /* Assets.xcassets */; };
		A80BB1EB2ADBE434003F06AC /* Preview Assets.xcassets in Resources */ = {isa = PBXBuildFile; fileRef = A80BB1EA2ADBE434003F06AC /* Preview Assets.xcassets */; };
		A871C2B22AF2D5960076E0A9 /* NSEventModifierFlags+HotKey.swift in Sources */ = {isa = PBXBuildFile; fileRef = A871C2AD2AF2D5760076E0A9 /* NSEventModifierFlags+HotKey.swift */; };
		A871C2B32AF2D5990076E0A9 /* HotKey.swift in Sources */ = {isa = PBXBuildFile; fileRef = A871C2B12AF2D5760076E0A9 /* HotKey.swift */; };
		A871C2B42AF2D5990076E0A9 /* HotKeyChar.swift in Sources */ = {isa = PBXBuildFile; fileRef = A871C2B02AF2D5760076E0A9 /* HotKeyChar.swift */; };
		A871C2B52AF2D5990076E0A9 /* KeyCombo.swift in Sources */ = {isa = PBXBuildFile; fileRef = A871C2AE2AF2D5760076E0A9 /* KeyCombo.swift */; };
		A871C2B62AF2D5990076E0A9 /* HotKeysController.swift in Sources */ = {isa = PBXBuildFile; fileRef = A871C2AF2AF2D5760076E0A9 /* HotKeysController.swift */; };
		A871C2B92AF2E1C40076E0A9 /* AccessibilityPermissionsManager.swift in Sources */ = {isa = PBXBuildFile; fileRef = A871C2B82AF2E1C40076E0A9 /* AccessibilityPermissionsManager.swift */; };
		A871C2BB2AF3A4FF0076E0A9 /* ScrollViewScroller.swift in Sources */ = {isa = PBXBuildFile; fileRef = A871C2BA2AF3A4FF0076E0A9 /* ScrollViewScroller.swift */; };
		A871C2BD2AF6BF670076E0A9 /* ImageDiff.swift in Sources */ = {isa = PBXBuildFile; fileRef = A871C2BC2AF6BF670076E0A9 /* ImageDiff.swift */; };
		A871C2C02AF79C8E0076E0A9 /* ImagesComparator.swift in Sources */ = {isa = PBXBuildFile; fileRef = A871C2BF2AF79C8E0076E0A9 /* ImagesComparator.swift */; };
		A871C2C32AF7AC740076E0A9 /* ImagesStitcher.swift in Sources */ = {isa = PBXBuildFile; fileRef = A871C2C22AF7AC740076E0A9 /* ImagesStitcher.swift */; };
		A871C2C62AF7DB610076E0A9 /* test0.png in Resources */ = {isa = PBXBuildFile; fileRef = A871C2C42AF7DB610076E0A9 /* test0.png */; };
		A871C2C72AF7DB610076E0A9 /* test1.png in Resources */ = {isa = PBXBuildFile; fileRef = A871C2C52AF7DB610076E0A9 /* test1.png */; };
		A871C2C92AF7DE3B0076E0A9 /* CGImageWriter.swift in Sources */ = {isa = PBXBuildFile; fileRef = A871C2C82AF7DE3B0076E0A9 /* CGImageWriter.swift */; };
		A8C0A5BB2B1B416600911DD3 /* ComparePixelsView.swift in Sources */ = {isa = PBXBuildFile; fileRef = A8C0A5BA2B1B416600911DD3 /* ComparePixelsView.swift */; };
		A8C0A5BF2B1B4D0500911DD3 /* Rectangle1.png in Resources */ = {isa = PBXBuildFile; fileRef = A8C0A5BD2B1B4D0500911DD3 /* Rectangle1.png */; };
		A8C0A5C02B1B4D0500911DD3 /* Rectangle2.png in Resources */ = {isa = PBXBuildFile; fileRef = A8C0A5BE2B1B4D0500911DD3 /* Rectangle2.png */; };
		A8C0A5C22B1B4DA400911DD3 /* ImageLoader.swift in Sources */ = {isa = PBXBuildFile; fileRef = A8C0A5C12B1B4DA300911DD3 /* ImageLoader.swift */; };
		A8C0A5C52B1CDD0200911DD3 /* ImagesCropper.swift in Sources */ = {isa = PBXBuildFile; fileRef = A8C0A5C42B1CDD0200911DD3 /* ImagesCropper.swift */; };
		A8C0A5CB2B1CFAFD00911DD3 /* scroll0.png in Resources */ = {isa = PBXBuildFile; fileRef = A8C0A5CA2B1CFAFD00911DD3 /* scroll0.png */; };
		A8C0A5CD2B1CFB0600911DD3 /* scroll1.png in Resources */ = {isa = PBXBuildFile; fileRef = A8C0A5CC2B1CFB0600911DD3 /* scroll1.png */; };
		A8CB21C32ADBE4F700AF1C78 /* ScreenshotTaker.swift in Sources */ = {isa = PBXBuildFile; fileRef = A8CB21C22ADBE4F700AF1C78 /* ScreenshotTaker.swift */; };
		A8CB21C52ADBE55A00AF1C78 /* ContentViewModel.swift in Sources */ = {isa = PBXBuildFile; fileRef = A8CB21C42ADBE55A00AF1C78 /* ContentViewModel.swift */; };
		A8E33A9B2B2AFFB2005B904D /* ComparePixelsViewModel.swift in Sources */ = {isa = PBXBuildFile; fileRef = A8E33A9A2B2AFFB2005B904D /* ComparePixelsViewModel.swift */; };
		A8FA08702AEFD62800FCDCAE /* SelectionWindowController.swift in Sources */ = {isa = PBXBuildFile; fileRef = A8FA086F2AEFD62800FCDCAE /* SelectionWindowController.swift */; };
		A8FA08722AEFD67000FCDCAE /* SelectionAssembler.swift in Sources */ = {isa = PBXBuildFile; fileRef = A8FA08712AEFD67000FCDCAE /* SelectionAssembler.swift */; };
		A8FA08742AEFD76100FCDCAE /* SelectionViewController.swift in Sources */ = {isa = PBXBuildFile; fileRef = A8FA08732AEFD76100FCDCAE /* SelectionViewController.swift */; };
		A8FD4A242B11363600071E00 /* Pixel.swift in Sources */ = {isa = PBXBuildFile; fileRef = A8FD4A232B11363600071E00 /* Pixel.swift */; };
/* End PBXBuildFile section */

/* Begin PBXFileReference section */
		A80BB1E02ADBE433003F06AC /* Test_ScrollScreenshot.app */ = {isa = PBXFileReference; explicitFileType = wrapper.application; includeInIndex = 0; path = Test_ScrollScreenshot.app; sourceTree = BUILT_PRODUCTS_DIR; };
		A80BB1E32ADBE433003F06AC /* Test_ScrollScreenshotApp.swift */ = {isa = PBXFileReference; lastKnownFileType = sourcecode.swift; path = Test_ScrollScreenshotApp.swift; sourceTree = "<group>"; };
		A80BB1E52ADBE433003F06AC /* ContentView.swift */ = {isa = PBXFileReference; lastKnownFileType = sourcecode.swift; path = ContentView.swift; sourceTree = "<group>"; };
		A80BB1E72ADBE434003F06AC /* Assets.xcassets */ = {isa = PBXFileReference; lastKnownFileType = folder.assetcatalog; path = Assets.xcassets; sourceTree = "<group>"; };
		A80BB1EA2ADBE434003F06AC /* Preview Assets.xcassets */ = {isa = PBXFileReference; lastKnownFileType = folder.assetcatalog; path = "Preview Assets.xcassets"; sourceTree = "<group>"; };
		A80BB1EC2ADBE434003F06AC /* Test_ScrollScreenshot.entitlements */ = {isa = PBXFileReference; lastKnownFileType = text.plist.entitlements; path = Test_ScrollScreenshot.entitlements; sourceTree = "<group>"; };
		A871C2AD2AF2D5760076E0A9 /* NSEventModifierFlags+HotKey.swift */ = {isa = PBXFileReference; lastKnownFileType = sourcecode.swift; path = "NSEventModifierFlags+HotKey.swift"; sourceTree = "<group>"; };
		A871C2AE2AF2D5760076E0A9 /* KeyCombo.swift */ = {isa = PBXFileReference; lastKnownFileType = sourcecode.swift; path = KeyCombo.swift; sourceTree = "<group>"; };
		A871C2AF2AF2D5760076E0A9 /* HotKeysController.swift */ = {isa = PBXFileReference; lastKnownFileType = sourcecode.swift; path = HotKeysController.swift; sourceTree = "<group>"; };
		A871C2B02AF2D5760076E0A9 /* HotKeyChar.swift */ = {isa = PBXFileReference; lastKnownFileType = sourcecode.swift; path = HotKeyChar.swift; sourceTree = "<group>"; };
		A871C2B12AF2D5760076E0A9 /* HotKey.swift */ = {isa = PBXFileReference; lastKnownFileType = sourcecode.swift; path = HotKey.swift; sourceTree = "<group>"; };
		A871C2B82AF2E1C40076E0A9 /* AccessibilityPermissionsManager.swift */ = {isa = PBXFileReference; lastKnownFileType = sourcecode.swift; path = AccessibilityPermissionsManager.swift; sourceTree = "<group>"; };
		A871C2BA2AF3A4FF0076E0A9 /* ScrollViewScroller.swift */ = {isa = PBXFileReference; lastKnownFileType = sourcecode.swift; path = ScrollViewScroller.swift; sourceTree = "<group>"; };
		A871C2BC2AF6BF670076E0A9 /* ImageDiff.swift */ = {isa = PBXFileReference; lastKnownFileType = sourcecode.swift; path = ImageDiff.swift; sourceTree = "<group>"; };
		A871C2BF2AF79C8E0076E0A9 /* ImagesComparator.swift */ = {isa = PBXFileReference; lastKnownFileType = sourcecode.swift; path = ImagesComparator.swift; sourceTree = "<group>"; };
		A871C2C22AF7AC740076E0A9 /* ImagesStitcher.swift */ = {isa = PBXFileReference; lastKnownFileType = sourcecode.swift; path = ImagesStitcher.swift; sourceTree = "<group>"; };
		A871C2C42AF7DB610076E0A9 /* test0.png */ = {isa = PBXFileReference; lastKnownFileType = image.png; path = test0.png; sourceTree = "<group>"; };
		A871C2C52AF7DB610076E0A9 /* test1.png */ = {isa = PBXFileReference; lastKnownFileType = image.png; path = test1.png; sourceTree = "<group>"; };
		A871C2C82AF7DE3B0076E0A9 /* CGImageWriter.swift */ = {isa = PBXFileReference; lastKnownFileType = sourcecode.swift; path = CGImageWriter.swift; sourceTree = "<group>"; };
		A8C0A5BA2B1B416600911DD3 /* ComparePixelsView.swift */ = {isa = PBXFileReference; lastKnownFileType = sourcecode.swift; path = ComparePixelsView.swift; sourceTree = "<group>"; };
		A8C0A5BD2B1B4D0500911DD3 /* Rectangle1.png */ = {isa = PBXFileReference; lastKnownFileType = image.png; path = Rectangle1.png; sourceTree = "<group>"; };
		A8C0A5BE2B1B4D0500911DD3 /* Rectangle2.png */ = {isa = PBXFileReference; lastKnownFileType = image.png; path = Rectangle2.png; sourceTree = "<group>"; };
		A8C0A5C12B1B4DA300911DD3 /* ImageLoader.swift */ = {isa = PBXFileReference; lastKnownFileType = sourcecode.swift; path = ImageLoader.swift; sourceTree = "<group>"; };
		A8C0A5C42B1CDD0200911DD3 /* ImagesCropper.swift */ = {isa = PBXFileReference; lastKnownFileType = sourcecode.swift; path = ImagesCropper.swift; sourceTree = "<group>"; };
		A8C0A5CA2B1CFAFD00911DD3 /* scroll0.png */ = {isa = PBXFileReference; lastKnownFileType = image.png; path = scroll0.png; sourceTree = "<group>"; };
		A8C0A5CC2B1CFB0600911DD3 /* scroll1.png */ = {isa = PBXFileReference; lastKnownFileType = image.png; path = scroll1.png; sourceTree = "<group>"; };
		A8CB21C22ADBE4F700AF1C78 /* ScreenshotTaker.swift */ = {isa = PBXFileReference; lastKnownFileType = sourcecode.swift; path = ScreenshotTaker.swift; sourceTree = "<group>"; };
		A8CB21C42ADBE55A00AF1C78 /* ContentViewModel.swift */ = {isa = PBXFileReference; lastKnownFileType = sourcecode.swift; path = ContentViewModel.swift; sourceTree = "<group>"; };
		A8E33A9A2B2AFFB2005B904D /* ComparePixelsViewModel.swift */ = {isa = PBXFileReference; lastKnownFileType = sourcecode.swift; path = ComparePixelsViewModel.swift; sourceTree = "<group>"; };
		A8FA086F2AEFD62800FCDCAE /* SelectionWindowController.swift */ = {isa = PBXFileReference; lastKnownFileType = sourcecode.swift; path = SelectionWindowController.swift; sourceTree = "<group>"; };
		A8FA08712AEFD67000FCDCAE /* SelectionAssembler.swift */ = {isa = PBXFileReference; lastKnownFileType = sourcecode.swift; path = SelectionAssembler.swift; sourceTree = "<group>"; };
		A8FA08732AEFD76100FCDCAE /* SelectionViewController.swift */ = {isa = PBXFileReference; lastKnownFileType = sourcecode.swift; path = SelectionViewController.swift; sourceTree = "<group>"; };
		A8FD4A232B11363600071E00 /* Pixel.swift */ = {isa = PBXFileReference; lastKnownFileType = sourcecode.swift; path = Pixel.swift; sourceTree = "<group>"; };
/* End PBXFileReference section */

/* Begin PBXFrameworksBuildPhase section */
		A80BB1DD2ADBE433003F06AC /* Frameworks */ = {
			isa = PBXFrameworksBuildPhase;
			buildActionMask = 2147483647;
			files = (
			);
			runOnlyForDeploymentPostprocessing = 0;
		};
/* End PBXFrameworksBuildPhase section */

/* Begin PBXGroup section */
		A80BB1D72ADBE433003F06AC = {
			isa = PBXGroup;
			children = (
				A80BB1E22ADBE433003F06AC /* Test_ScrollScreenshot */,
				A80BB1E12ADBE433003F06AC /* Products */,
			);
			sourceTree = "<group>";
		};
		A80BB1E12ADBE433003F06AC /* Products */ = {
			isa = PBXGroup;
			children = (
				A80BB1E02ADBE433003F06AC /* Test_ScrollScreenshot.app */,
			);
			name = Products;
			sourceTree = "<group>";
		};
		A80BB1E22ADBE433003F06AC /* Test_ScrollScreenshot */ = {
			isa = PBXGroup;
			children = (
				A8C0A5CA2B1CFAFD00911DD3 /* scroll0.png */,
				A8C0A5CC2B1CFB0600911DD3 /* scroll1.png */,
				A8C0A5C32B1CDCEE00911DD3 /* ImagesProcessor */,
				A8C0A5BD2B1B4D0500911DD3 /* Rectangle1.png */,
				A8C0A5BE2B1B4D0500911DD3 /* Rectangle2.png */,
				A871C2C42AF7DB610076E0A9 /* test0.png */,
				A871C2C52AF7DB610076E0A9 /* test1.png */,
				A871C2B72AF2E1A90076E0A9 /* Accessibility */,
				A871C2AC2AF2D5760076E0A9 /* HotKey */,
				A8FA086E2AEFD36900FCDCAE /* Selection area */,
				A8FA086D2AEFB19A00FCDCAE /* Main View */,
				A80BB1E32ADBE433003F06AC /* Test_ScrollScreenshotApp.swift */,
				A80BB1E72ADBE434003F06AC /* Assets.xcassets */,
				A80BB1EC2ADBE434003F06AC /* Test_ScrollScreenshot.entitlements */,
				A80BB1E92ADBE434003F06AC /* Preview Content */,
				A8CB21C22ADBE4F700AF1C78 /* ScreenshotTaker.swift */,
				A871C2BA2AF3A4FF0076E0A9 /* ScrollViewScroller.swift */,
				A871C2BC2AF6BF670076E0A9 /* ImageDiff.swift */,
				A871C2C82AF7DE3B0076E0A9 /* CGImageWriter.swift */,
			);
			path = Test_ScrollScreenshot;
			sourceTree = "<group>";
		};
		A80BB1E92ADBE434003F06AC /* Preview Content */ = {
			isa = PBXGroup;
			children = (
				A80BB1EA2ADBE434003F06AC /* Preview Assets.xcassets */,
			);
			path = "Preview Content";
			sourceTree = "<group>";
		};
		A871C2AC2AF2D5760076E0A9 /* HotKey */ = {
			isa = PBXGroup;
			children = (
				A871C2AD2AF2D5760076E0A9 /* NSEventModifierFlags+HotKey.swift */,
				A871C2AE2AF2D5760076E0A9 /* KeyCombo.swift */,
				A871C2AF2AF2D5760076E0A9 /* HotKeysController.swift */,
				A871C2B02AF2D5760076E0A9 /* HotKeyChar.swift */,
				A871C2B12AF2D5760076E0A9 /* HotKey.swift */,
			);
			path = HotKey;
			sourceTree = "<group>";
		};
		A871C2B72AF2E1A90076E0A9 /* Accessibility */ = {
			isa = PBXGroup;
			children = (
				A871C2B82AF2E1C40076E0A9 /* AccessibilityPermissionsManager.swift */,
			);
			path = Accessibility;
			sourceTree = "<group>";
		};
		A871C2BE2AF79C820076E0A9 /* ImagesComparer */ = {
			isa = PBXGroup;
			children = (
				A871C2BF2AF79C8E0076E0A9 /* ImagesComparator.swift */,
				A8FD4A232B11363600071E00 /* Pixel.swift */,
			);
			path = ImagesComparer;
			sourceTree = "<group>";
		};
		A871C2C12AF7AC560076E0A9 /* ImagesStitcher */ = {
			isa = PBXGroup;
			children = (
				A871C2C22AF7AC740076E0A9 /* ImagesStitcher.swift */,
			);
			path = ImagesStitcher;
			sourceTree = "<group>";
		};
		A8C0A5BC2B1B41BD00911DD3 /* Compare Pixels */ = {
			isa = PBXGroup;
			children = (
				A8C0A5BA2B1B416600911DD3 /* ComparePixelsView.swift */,
				A8E33A9A2B2AFFB2005B904D /* ComparePixelsViewModel.swift */,
			);
			path = "Compare Pixels";
			sourceTree = "<group>";
		};
		A8C0A5C32B1CDCEE00911DD3 /* ImagesProcessor */ = {
			isa = PBXGroup;
			children = (
				A871C2C12AF7AC560076E0A9 /* ImagesStitcher */,
				A871C2BE2AF79C820076E0A9 /* ImagesComparer */,
				A8C0A5C42B1CDD0200911DD3 /* ImagesCropper.swift */,
			);
			path = ImagesProcessor;
			sourceTree = "<group>";
		};
		A8FA086D2AEFB19A00FCDCAE /* Main View */ = {
			isa = PBXGroup;
			children = (
				A8C0A5BC2B1B41BD00911DD3 /* Compare Pixels */,
				A8CB21C42ADBE55A00AF1C78 /* ContentViewModel.swift */,
				A80BB1E52ADBE433003F06AC /* ContentView.swift */,
				A8C0A5C12B1B4DA300911DD3 /* ImageLoader.swift */,
			);
			path = "Main View";
			sourceTree = "<group>";
		};
		A8FA086E2AEFD36900FCDCAE /* Selection area */ = {
			isa = PBXGroup;
			children = (
				A8FA086F2AEFD62800FCDCAE /* SelectionWindowController.swift */,
				A8FA08712AEFD67000FCDCAE /* SelectionAssembler.swift */,
				A8FA08732AEFD76100FCDCAE /* SelectionViewController.swift */,
			);
			path = "Selection area";
			sourceTree = "<group>";
		};
/* End PBXGroup section */

/* Begin PBXNativeTarget section */
		A80BB1DF2ADBE433003F06AC /* Test_ScrollScreenshot */ = {
			isa = PBXNativeTarget;
			buildConfigurationList = A80BB1EF2ADBE434003F06AC /* Build configuration list for PBXNativeTarget "Test_ScrollScreenshot" */;
			buildPhases = (
				A80BB1DC2ADBE433003F06AC /* Sources */,
				A80BB1DD2ADBE433003F06AC /* Frameworks */,
				A80BB1DE2ADBE433003F06AC /* Resources */,
			);
			buildRules = (
			);
			dependencies = (
			);
			name = Test_ScrollScreenshot;
			productName = Test_ScrollScreenshot;
			productReference = A80BB1E02ADBE433003F06AC /* Test_ScrollScreenshot.app */;
			productType = "com.apple.product-type.application";
		};
/* End PBXNativeTarget section */

/* Begin PBXProject section */
		A80BB1D82ADBE433003F06AC /* Project object */ = {
			isa = PBXProject;
			attributes = {
				BuildIndependentTargetsInParallel = 1;
				LastSwiftUpdateCheck = 1500;
				LastUpgradeCheck = 1500;
				TargetAttributes = {
					A80BB1DF2ADBE433003F06AC = {
						CreatedOnToolsVersion = 15.0;
					};
				};
			};
			buildConfigurationList = A80BB1DB2ADBE433003F06AC /* Build configuration list for PBXProject "Test_ScrollScreenshot" */;
			compatibilityVersion = "Xcode 14.0";
			developmentRegion = en;
			hasScannedForEncodings = 0;
			knownRegions = (
				en,
				Base,
			);
			mainGroup = A80BB1D72ADBE433003F06AC;
			productRefGroup = A80BB1E12ADBE433003F06AC /* Products */;
			projectDirPath = "";
			projectRoot = "";
			targets = (
				A80BB1DF2ADBE433003F06AC /* Test_ScrollScreenshot */,
			);
		};
/* End PBXProject section */

/* Begin PBXResourcesBuildPhase section */
		A80BB1DE2ADBE433003F06AC /* Resources */ = {
			isa = PBXResourcesBuildPhase;
			buildActionMask = 2147483647;
			files = (
				A8C0A5C02B1B4D0500911DD3 /* Rectangle2.png in Resources */,
				A80BB1EB2ADBE434003F06AC /* Preview Assets.xcassets in Resources */,
				A8C0A5BF2B1B4D0500911DD3 /* Rectangle1.png in Resources */,
				A8C0A5CB2B1CFAFD00911DD3 /* scroll0.png in Resources */,
				A871C2C72AF7DB610076E0A9 /* test1.png in Resources */,
				A80BB1E82ADBE434003F06AC /* Assets.xcassets in Resources */,
				A8C0A5CD2B1CFB0600911DD3 /* scroll1.png in Resources */,
				A871C2C62AF7DB610076E0A9 /* test0.png in Resources */,
			);
			runOnlyForDeploymentPostprocessing = 0;
		};
/* End PBXResourcesBuildPhase section */

/* Begin PBXSourcesBuildPhase section */
		A80BB1DC2ADBE433003F06AC /* Sources */ = {
			isa = PBXSourcesBuildPhase;
			buildActionMask = 2147483647;
			files = (
				A8C0A5C52B1CDD0200911DD3 /* ImagesCropper.swift in Sources */,
				A8CB21C52ADBE55A00AF1C78 /* ContentViewModel.swift in Sources */,
				A871C2B52AF2D5990076E0A9 /* KeyCombo.swift in Sources */,
				A8FA08722AEFD67000FCDCAE /* SelectionAssembler.swift in Sources */,
				A8CB21C32ADBE4F700AF1C78 /* ScreenshotTaker.swift in Sources */,
				A871C2BD2AF6BF670076E0A9 /* ImageDiff.swift in Sources */,
				A8C0A5BB2B1B416600911DD3 /* ComparePixelsView.swift in Sources */,
				A80BB1E62ADBE433003F06AC /* ContentView.swift in Sources */,
				A8FA08702AEFD62800FCDCAE /* SelectionWindowController.swift in Sources */,
				A80BB1E42ADBE433003F06AC /* Test_ScrollScreenshotApp.swift in Sources */,
				A871C2C92AF7DE3B0076E0A9 /* CGImageWriter.swift in Sources */,
				A8E33A9B2B2AFFB2005B904D /* ComparePixelsViewModel.swift in Sources */,
				A871C2B22AF2D5960076E0A9 /* NSEventModifierFlags+HotKey.swift in Sources */,
				A8FD4A242B11363600071E00 /* Pixel.swift in Sources */,
				A871C2C32AF7AC740076E0A9 /* ImagesStitcher.swift in Sources */,
				A8FA08742AEFD76100FCDCAE /* SelectionViewController.swift in Sources */,
				A8C0A5C22B1B4DA400911DD3 /* ImageLoader.swift in Sources */,
				A871C2B62AF2D5990076E0A9 /* HotKeysController.swift in Sources */,
				A871C2B92AF2E1C40076E0A9 /* AccessibilityPermissionsManager.swift in Sources */,
				A871C2BB2AF3A4FF0076E0A9 /* ScrollViewScroller.swift in Sources */,
				A871C2B32AF2D5990076E0A9 /* HotKey.swift in Sources */,
				A871C2B42AF2D5990076E0A9 /* HotKeyChar.swift in Sources */,
				A871C2C02AF79C8E0076E0A9 /* ImagesComparator.swift in Sources */,
			);
			runOnlyForDeploymentPostprocessing = 0;
		};
/* End PBXSourcesBuildPhase section */

/* Begin XCBuildConfiguration section */
		A80BB1ED2ADBE434003F06AC /* Debug */ = {
			isa = XCBuildConfiguration;
			buildSettings = {
				ALWAYS_SEARCH_USER_PATHS = NO;
				ASSETCATALOG_COMPILER_GENERATE_SWIFT_ASSET_SYMBOL_EXTENSIONS = YES;
				CLANG_ANALYZER_NONNULL = YES;
				CLANG_ANALYZER_NUMBER_OBJECT_CONVERSION = YES_AGGRESSIVE;
				CLANG_CXX_LANGUAGE_STANDARD = "gnu++20";
				CLANG_ENABLE_MODULES = YES;
				CLANG_ENABLE_OBJC_ARC = YES;
				CLANG_ENABLE_OBJC_WEAK = YES;
				CLANG_WARN_BLOCK_CAPTURE_AUTORELEASING = YES;
				CLANG_WARN_BOOL_CONVERSION = YES;
				CLANG_WARN_COMMA = YES;
				CLANG_WARN_CONSTANT_CONVERSION = YES;
				CLANG_WARN_DEPRECATED_OBJC_IMPLEMENTATIONS = YES;
				CLANG_WARN_DIRECT_OBJC_ISA_USAGE = YES_ERROR;
				CLANG_WARN_DOCUMENTATION_COMMENTS = YES;
				CLANG_WARN_EMPTY_BODY = YES;
				CLANG_WARN_ENUM_CONVERSION = YES;
				CLANG_WARN_INFINITE_RECURSION = YES;
				CLANG_WARN_INT_CONVERSION = YES;
				CLANG_WARN_NON_LITERAL_NULL_CONVERSION = YES;
				CLANG_WARN_OBJC_IMPLICIT_RETAIN_SELF = YES;
				CLANG_WARN_OBJC_LITERAL_CONVERSION = YES;
				CLANG_WARN_OBJC_ROOT_CLASS = YES_ERROR;
				CLANG_WARN_QUOTED_INCLUDE_IN_FRAMEWORK_HEADER = YES;
				CLANG_WARN_RANGE_LOOP_ANALYSIS = YES;
				CLANG_WARN_STRICT_PROTOTYPES = YES;
				CLANG_WARN_SUSPICIOUS_MOVE = YES;
				CLANG_WARN_UNGUARDED_AVAILABILITY = YES_AGGRESSIVE;
				CLANG_WARN_UNREACHABLE_CODE = YES;
				CLANG_WARN__DUPLICATE_METHOD_MATCH = YES;
				COPY_PHASE_STRIP = NO;
				DEBUG_INFORMATION_FORMAT = dwarf;
				ENABLE_STRICT_OBJC_MSGSEND = YES;
				ENABLE_TESTABILITY = YES;
				ENABLE_USER_SCRIPT_SANDBOXING = YES;
				GCC_C_LANGUAGE_STANDARD = gnu17;
				GCC_DYNAMIC_NO_PIC = NO;
				GCC_NO_COMMON_BLOCKS = YES;
				GCC_OPTIMIZATION_LEVEL = 0;
				GCC_PREPROCESSOR_DEFINITIONS = (
					"DEBUG=1",
					"$(inherited)",
				);
				GCC_WARN_64_TO_32_BIT_CONVERSION = YES;
				GCC_WARN_ABOUT_RETURN_TYPE = YES_ERROR;
				GCC_WARN_UNDECLARED_SELECTOR = YES;
				GCC_WARN_UNINITIALIZED_AUTOS = YES_AGGRESSIVE;
				GCC_WARN_UNUSED_FUNCTION = YES;
				GCC_WARN_UNUSED_VARIABLE = YES;
				LOCALIZATION_PREFERS_STRING_CATALOGS = YES;
				MACOSX_DEPLOYMENT_TARGET = 14.0;
				MTL_ENABLE_DEBUG_INFO = INCLUDE_SOURCE;
				MTL_FAST_MATH = YES;
				ONLY_ACTIVE_ARCH = YES;
				SDKROOT = macosx;
				SWIFT_ACTIVE_COMPILATION_CONDITIONS = "DEBUG $(inherited)";
				SWIFT_OPTIMIZATION_LEVEL = "-Onone";
			};
			name = Debug;
		};
		A80BB1EE2ADBE434003F06AC /* Release */ = {
			isa = XCBuildConfiguration;
			buildSettings = {
				ALWAYS_SEARCH_USER_PATHS = NO;
				ASSETCATALOG_COMPILER_GENERATE_SWIFT_ASSET_SYMBOL_EXTENSIONS = YES;
				CLANG_ANALYZER_NONNULL = YES;
				CLANG_ANALYZER_NUMBER_OBJECT_CONVERSION = YES_AGGRESSIVE;
				CLANG_CXX_LANGUAGE_STANDARD = "gnu++20";
				CLANG_ENABLE_MODULES = YES;
				CLANG_ENABLE_OBJC_ARC = YES;
				CLANG_ENABLE_OBJC_WEAK = YES;
				CLANG_WARN_BLOCK_CAPTURE_AUTORELEASING = YES;
				CLANG_WARN_BOOL_CONVERSION = YES;
				CLANG_WARN_COMMA = YES;
				CLANG_WARN_CONSTANT_CONVERSION = YES;
				CLANG_WARN_DEPRECATED_OBJC_IMPLEMENTATIONS = YES;
				CLANG_WARN_DIRECT_OBJC_ISA_USAGE = YES_ERROR;
				CLANG_WARN_DOCUMENTATION_COMMENTS = YES;
				CLANG_WARN_EMPTY_BODY = YES;
				CLANG_WARN_ENUM_CONVERSION = YES;
				CLANG_WARN_INFINITE_RECURSION = YES;
				CLANG_WARN_INT_CONVERSION = YES;
				CLANG_WARN_NON_LITERAL_NULL_CONVERSION = YES;
				CLANG_WARN_OBJC_IMPLICIT_RETAIN_SELF = YES;
				CLANG_WARN_OBJC_LITERAL_CONVERSION = YES;
				CLANG_WARN_OBJC_ROOT_CLASS = YES_ERROR;
				CLANG_WARN_QUOTED_INCLUDE_IN_FRAMEWORK_HEADER = YES;
				CLANG_WARN_RANGE_LOOP_ANALYSIS = YES;
				CLANG_WARN_STRICT_PROTOTYPES = YES;
				CLANG_WARN_SUSPICIOUS_MOVE = YES;
				CLANG_WARN_UNGUARDED_AVAILABILITY = YES_AGGRESSIVE;
				CLANG_WARN_UNREACHABLE_CODE = YES;
				CLANG_WARN__DUPLICATE_METHOD_MATCH = YES;
				COPY_PHASE_STRIP = NO;
				DEBUG_INFORMATION_FORMAT = "dwarf-with-dsym";
				ENABLE_NS_ASSERTIONS = NO;
				ENABLE_STRICT_OBJC_MSGSEND = YES;
				ENABLE_USER_SCRIPT_SANDBOXING = YES;
				GCC_C_LANGUAGE_STANDARD = gnu17;
				GCC_NO_COMMON_BLOCKS = YES;
				GCC_WARN_64_TO_32_BIT_CONVERSION = YES;
				GCC_WARN_ABOUT_RETURN_TYPE = YES_ERROR;
				GCC_WARN_UNDECLARED_SELECTOR = YES;
				GCC_WARN_UNINITIALIZED_AUTOS = YES_AGGRESSIVE;
				GCC_WARN_UNUSED_FUNCTION = YES;
				GCC_WARN_UNUSED_VARIABLE = YES;
				LOCALIZATION_PREFERS_STRING_CATALOGS = YES;
				MACOSX_DEPLOYMENT_TARGET = 14.0;
				MTL_ENABLE_DEBUG_INFO = NO;
				MTL_FAST_MATH = YES;
				SDKROOT = macosx;
				SWIFT_COMPILATION_MODE = wholemodule;
			};
			name = Release;
		};
		A80BB1F02ADBE434003F06AC /* Debug */ = {
			isa = XCBuildConfiguration;
			buildSettings = {
				ASSETCATALOG_COMPILER_APPICON_NAME = AppIcon;
				ASSETCATALOG_COMPILER_GLOBAL_ACCENT_COLOR_NAME = AccentColor;
				CODE_SIGN_ENTITLEMENTS = Test_ScrollScreenshot/Test_ScrollScreenshot.entitlements;
				CODE_SIGN_STYLE = Automatic;
				COMBINE_HIDPI_IMAGES = YES;
				CURRENT_PROJECT_VERSION = 1;
				DEVELOPMENT_ASSET_PATHS = "\"Test_ScrollScreenshot/Preview Content\"";
				DEVELOPMENT_TEAM = E8TPSF9L49;
				ENABLE_HARDENED_RUNTIME = NO;
				ENABLE_PREVIEWS = YES;
				GENERATE_INFOPLIST_FILE = YES;
				INFOPLIST_KEY_NSHumanReadableCopyright = "";
				LD_RUNPATH_SEARCH_PATHS = (
					"$(inherited)",
					"@executable_path/../Frameworks",
				);
				MARKETING_VERSION = 1.0;
				PRODUCT_BUNDLE_IDENTIFIER = "ulian.onua.Test-ScrollScreenshot";
				PRODUCT_NAME = "$(TARGET_NAME)";
				SWIFT_EMIT_LOC_STRINGS = YES;
				SWIFT_VERSION = 5.0;
			};
			name = Debug;
		};
		A80BB1F12ADBE434003F06AC /* Release */ = {
			isa = XCBuildConfiguration;
			buildSettings = {
				ASSETCATALOG_COMPILER_APPICON_NAME = AppIcon;
				ASSETCATALOG_COMPILER_GLOBAL_ACCENT_COLOR_NAME = AccentColor;
				CODE_SIGN_ENTITLEMENTS = Test_ScrollScreenshot/Test_ScrollScreenshot.entitlements;
				CODE_SIGN_STYLE = Automatic;
				COMBINE_HIDPI_IMAGES = YES;
				CURRENT_PROJECT_VERSION = 1;
				DEVELOPMENT_ASSET_PATHS = "\"Test_ScrollScreenshot/Preview Content\"";
				DEVELOPMENT_TEAM = E8TPSF9L49;
				ENABLE_HARDENED_RUNTIME = NO;
				ENABLE_PREVIEWS = YES;
				GENERATE_INFOPLIST_FILE = YES;
				INFOPLIST_KEY_NSHumanReadableCopyright = "";
				LD_RUNPATH_SEARCH_PATHS = (
					"$(inherited)",
					"@executable_path/../Frameworks",
				);
				MARKETING_VERSION = 1.0;
				PRODUCT_BUNDLE_IDENTIFIER = "ulian.onua.Test-ScrollScreenshot";
				PRODUCT_NAME = "$(TARGET_NAME)";
				SWIFT_EMIT_LOC_STRINGS = YES;
				SWIFT_VERSION = 5.0;
			};
			name = Release;
		};
/* End XCBuildConfiguration section */

/* Begin XCConfigurationList section */
		A80BB1DB2ADBE433003F06AC /* Build configuration list for PBXProject "Test_ScrollScreenshot" */ = {
			isa = XCConfigurationList;
			buildConfigurations = (
				A80BB1ED2ADBE434003F06AC /* Debug */,
				A80BB1EE2ADBE434003F06AC /* Release */,
			);
			defaultConfigurationIsVisible = 0;
			defaultConfigurationName = Release;
		};
		A80BB1EF2ADBE434003F06AC /* Build configuration list for PBXNativeTarget "Test_ScrollScreenshot" */ = {
			isa = XCConfigurationList;
			buildConfigurations = (
				A80BB1F02ADBE434003F06AC /* Debug */,
				A80BB1F12ADBE434003F06AC /* Release */,
			);
			defaultConfigurationIsVisible = 0;
			defaultConfigurationName = Release;
		};
/* End XCConfigurationList section */
	};
	rootObject = A80BB1D82ADBE433003F06AC /* Project object */;
}
